# This file is generated by running "yarn install" inside your project.
# Manual changes might be lost - proceed with caution!

__metadata:
  version: 6
  cacheKey: 8

"@esbuild/android-arm64@npm:0.17.12":
  version: 0.17.12
  resolution: "@esbuild/android-arm64@npm:0.17.12"
  conditions: os=android & cpu=arm64
  languageName: node
  linkType: hard

"@esbuild/android-arm@npm:0.17.12":
  version: 0.17.12
  resolution: "@esbuild/android-arm@npm:0.17.12"
  conditions: os=android & cpu=arm
  languageName: node
  linkType: hard

"@esbuild/android-x64@npm:0.17.12":
  version: 0.17.12
  resolution: "@esbuild/android-x64@npm:0.17.12"
  conditions: os=android & cpu=x64
  languageName: node
  linkType: hard

"@esbuild/darwin-arm64@npm:0.17.12":
  version: 0.17.12
  resolution: "@esbuild/darwin-arm64@npm:0.17.12"
  conditions: os=darwin & cpu=arm64
  languageName: node
  linkType: hard

"@esbuild/darwin-x64@npm:0.17.12":
  version: 0.17.12
  resolution: "@esbuild/darwin-x64@npm:0.17.12"
  conditions: os=darwin & cpu=x64
  languageName: node
  linkType: hard

"@esbuild/freebsd-arm64@npm:0.17.12":
  version: 0.17.12
  resolution: "@esbuild/freebsd-arm64@npm:0.17.12"
  conditions: os=freebsd & cpu=arm64
  languageName: node
  linkType: hard

"@esbuild/freebsd-x64@npm:0.17.12":
  version: 0.17.12
  resolution: "@esbuild/freebsd-x64@npm:0.17.12"
  conditions: os=freebsd & cpu=x64
  languageName: node
  linkType: hard

"@esbuild/linux-arm64@npm:0.17.12":
  version: 0.17.12
  resolution: "@esbuild/linux-arm64@npm:0.17.12"
  conditions: os=linux & cpu=arm64
  languageName: node
  linkType: hard

"@esbuild/linux-arm@npm:0.17.12":
  version: 0.17.12
  resolution: "@esbuild/linux-arm@npm:0.17.12"
  conditions: os=linux & cpu=arm
  languageName: node
  linkType: hard

"@esbuild/linux-ia32@npm:0.17.12":
  version: 0.17.12
  resolution: "@esbuild/linux-ia32@npm:0.17.12"
  conditions: os=linux & cpu=ia32
  languageName: node
  linkType: hard

"@esbuild/linux-loong64@npm:0.17.12":
  version: 0.17.12
  resolution: "@esbuild/linux-loong64@npm:0.17.12"
  conditions: os=linux & cpu=loong64
  languageName: node
  linkType: hard

"@esbuild/linux-mips64el@npm:0.17.12":
  version: 0.17.12
  resolution: "@esbuild/linux-mips64el@npm:0.17.12"
  conditions: os=linux & cpu=mips64el
  languageName: node
  linkType: hard

"@esbuild/linux-ppc64@npm:0.17.12":
  version: 0.17.12
  resolution: "@esbuild/linux-ppc64@npm:0.17.12"
  conditions: os=linux & cpu=ppc64
  languageName: node
  linkType: hard

"@esbuild/linux-riscv64@npm:0.17.12":
  version: 0.17.12
  resolution: "@esbuild/linux-riscv64@npm:0.17.12"
  conditions: os=linux & cpu=riscv64
  languageName: node
  linkType: hard

"@esbuild/linux-s390x@npm:0.17.12":
  version: 0.17.12
  resolution: "@esbuild/linux-s390x@npm:0.17.12"
  conditions: os=linux & cpu=s390x
  languageName: node
  linkType: hard

"@esbuild/linux-x64@npm:0.17.12":
  version: 0.17.12
  resolution: "@esbuild/linux-x64@npm:0.17.12"
  conditions: os=linux & cpu=x64
  languageName: node
  linkType: hard

"@esbuild/netbsd-x64@npm:0.17.12":
  version: 0.17.12
  resolution: "@esbuild/netbsd-x64@npm:0.17.12"
  conditions: os=netbsd & cpu=x64
  languageName: node
  linkType: hard

"@esbuild/openbsd-x64@npm:0.17.12":
  version: 0.17.12
  resolution: "@esbuild/openbsd-x64@npm:0.17.12"
  conditions: os=openbsd & cpu=x64
  languageName: node
  linkType: hard

"@esbuild/sunos-x64@npm:0.17.12":
  version: 0.17.12
  resolution: "@esbuild/sunos-x64@npm:0.17.12"
  conditions: os=sunos & cpu=x64
  languageName: node
  linkType: hard

"@esbuild/win32-arm64@npm:0.17.12":
  version: 0.17.12
  resolution: "@esbuild/win32-arm64@npm:0.17.12"
  conditions: os=win32 & cpu=arm64
  languageName: node
  linkType: hard

"@esbuild/win32-ia32@npm:0.17.12":
  version: 0.17.12
  resolution: "@esbuild/win32-ia32@npm:0.17.12"
  conditions: os=win32 & cpu=ia32
  languageName: node
  linkType: hard

"@esbuild/win32-x64@npm:0.17.12":
  version: 0.17.12
  resolution: "@esbuild/win32-x64@npm:0.17.12"
  conditions: os=win32 & cpu=x64
  languageName: node
  linkType: hard

"@types/common-tags@npm:^1.8.1":
  version: 1.8.1
  resolution: "@types/common-tags@npm:1.8.1"
  checksum: bec6f68c8c434834380abd1dc057aa6ba26661bb0c65c700b65049e9b104d7be96a987d93dbe8726be68554a23a52514a6967d8903fdb51fb8c78cf909d1e4c1
  languageName: node
  linkType: hard

"@types/fs-extra@npm:^11.0.1":
  version: 11.0.1
  resolution: "@types/fs-extra@npm:11.0.1"
  dependencies:
    "@types/jsonfile": "*"
    "@types/node": "*"
  checksum: 3e930346e5d84f419deb8ced1c582beef8cb20d0bd8a0eb145a37d75bab0572a1895f0e48a0d681d386b3a58b9a992b2d2acecc464bcaec2548f53ea00718651
  languageName: node
  linkType: hard

"@types/jsonfile@npm:*":
  version: 6.1.1
  resolution: "@types/jsonfile@npm:6.1.1"
  dependencies:
    "@types/node": "*"
  checksum: 0f8fe0a9221a00e8413cffba723dfe16553868724b830237256fb0052ecd5cac96498189d1235a001cfa815f352008261c9ceb373f0aa58227f891e0c7a12c4d
  languageName: node
  linkType: hard

"@types/node@npm:*":
  version: 18.15.3
  resolution: "@types/node@npm:18.15.3"
  checksum: 31b1d92475a82c30de29aa6c0771b18a276552d191283b4423ba2d61b3f01159bf0d02576c0b7cc834b043997893800db6bb47f246083ed85aa45e79c80875d7
  languageName: node
  linkType: hard

"chalk@npm:^5.2.0":
  version: 5.2.0
  resolution: "chalk@npm:5.2.0"
  checksum: 03d8060277de6cf2fd567dc25fcf770593eb5bb85f460ce443e49255a30ff1242edd0c90a06a03803b0466ff0687a939b41db1757bec987113e83de89a003caa
  languageName: node
  linkType: hard

"common-tags@npm:^1.8.2":
  version: 1.8.2
  resolution: "common-tags@npm:1.8.2"
  checksum: 767a6255a84bbc47df49a60ab583053bb29a7d9687066a18500a516188a062c4e4cd52de341f22de0b07062e699b1b8fe3cfa1cb55b241cb9301aeb4f45b4dff
  languageName: node
  linkType: hard

"esbuild@npm:^0.17.11":
  version: 0.17.12
  resolution: "esbuild@npm:0.17.12"
  dependencies:
    "@esbuild/android-arm": 0.17.12
    "@esbuild/android-arm64": 0.17.12
    "@esbuild/android-x64": 0.17.12
    "@esbuild/darwin-arm64": 0.17.12
    "@esbuild/darwin-x64": 0.17.12
    "@esbuild/freebsd-arm64": 0.17.12
    "@esbuild/freebsd-x64": 0.17.12
    "@esbuild/linux-arm": 0.17.12
    "@esbuild/linux-arm64": 0.17.12
    "@esbuild/linux-ia32": 0.17.12
    "@esbuild/linux-loong64": 0.17.12
    "@esbuild/linux-mips64el": 0.17.12
    "@esbuild/linux-ppc64": 0.17.12
    "@esbuild/linux-riscv64": 0.17.12
    "@esbuild/linux-s390x": 0.17.12
    "@esbuild/linux-x64": 0.17.12
    "@esbuild/netbsd-x64": 0.17.12
    "@esbuild/openbsd-x64": 0.17.12
    "@esbuild/sunos-x64": 0.17.12
    "@esbuild/win32-arm64": 0.17.12
    "@esbuild/win32-ia32": 0.17.12
    "@esbuild/win32-x64": 0.17.12
  dependenciesMeta:
    "@esbuild/android-arm":
      optional: true
    "@esbuild/android-arm64":
      optional: true
    "@esbuild/android-x64":
      optional: true
    "@esbuild/darwin-arm64":
      optional: true
    "@esbuild/darwin-x64":
      optional: true
    "@esbuild/freebsd-arm64":
      optional: true
    "@esbuild/freebsd-x64":
      optional: true
    "@esbuild/linux-arm":
      optional: true
    "@esbuild/linux-arm64":
      optional: true
    "@esbuild/linux-ia32":
      optional: true
    "@esbuild/linux-loong64":
      optional: true
    "@esbuild/linux-mips64el":
      optional: true
    "@esbuild/linux-ppc64":
      optional: true
    "@esbuild/linux-riscv64":
      optional: true
    "@esbuild/linux-s390x":
      optional: true
    "@esbuild/linux-x64":
      optional: true
    "@esbuild/netbsd-x64":
      optional: true
    "@esbuild/openbsd-x64":
      optional: true
    "@esbuild/sunos-x64":
      optional: true
    "@esbuild/win32-arm64":
      optional: true
    "@esbuild/win32-ia32":
      optional: true
    "@esbuild/win32-x64":
      optional: true
  bin:
    esbuild: bin/esbuild
  checksum: ea6d33eb1bc6c9e00dcee5e253c7e935251b4801d376661fd9f19a9dcffc27f970078a6f7116d6c78ee825ceff9b974594b0b616bd560ce4d875a951aa92977b
  languageName: node
  linkType: hard

"filesize@npm:^10.0.6":
  version: 10.0.6
  resolution: "filesize@npm:10.0.6"
  checksum: ed420c3989581c4a56e4c86f49ef8d7f22d2c8e5b00892493c12589c23327b0b875936613782226b0a623f261560c8dff59730f5d08a6d8968533bd28d3dfbe5
  languageName: node
  linkType: hard

"fs-extra@npm:^11.1.0":
  version: 11.1.0
  resolution: "fs-extra@npm:11.1.0"
  dependencies:
    graceful-fs: ^4.2.0
    jsonfile: ^6.0.1
    universalify: ^2.0.0
  checksum: 5ca476103fa1f5ff4a9b3c4f331548f8a3c1881edaae323a4415d3153b5dc11dc6a981c8d1dd93eec8367ceee27b53f8bd27eecbbf66ffcdd04927510c171e7f
  languageName: node
  linkType: hard

"graceful-fs@npm:^4.1.6, graceful-fs@npm:^4.2.0":
  version: 4.2.11
  resolution: "graceful-fs@npm:4.2.11"
  checksum: ac85f94da92d8eb6b7f5a8b20ce65e43d66761c55ce85ac96df6865308390da45a8d3f0296dd3a663de65d30ba497bd46c696cc1e248c72b13d6d567138a4fc7
  languageName: node
  linkType: hard

"jsonfile@npm:^6.0.1":
  version: 6.1.0
  resolution: "jsonfile@npm:6.1.0"
  dependencies:
    graceful-fs: ^4.1.6
    universalify: ^2.0.0
  dependenciesMeta:
    graceful-fs:
      optional: true
  checksum: 7af3b8e1ac8fe7f1eccc6263c6ca14e1966fcbc74b618d3c78a0a2075579487547b94f72b7a1114e844a1e15bb00d440e5d1720bfc4612d790a6f285d5ea8354
  languageName: node
  linkType: hard

"universalify@npm:^2.0.0":
  version: 2.0.0
  resolution: "universalify@npm:2.0.0"
  checksum: 2406a4edf4a8830aa6813278bab1f953a8e40f2f63a37873ffa9a3bc8f9745d06cc8e88f3572cb899b7e509013f7f6fcc3e37e8a6d914167a5381d8440518c44
  languageName: node
  linkType: hard

"wordle-stats-mover@workspace:.":
  version: 0.0.0-use.local
  resolution: "wordle-stats-mover@workspace:."
  dependencies:
    "@types/common-tags": ^1.8.1
    "@types/fs-extra": ^11.0.1
    chalk: ^5.2.0
    common-tags: ^1.8.2
    esbuild: ^0.17.11
    filesize: ^10.0.6
    fs-extra: ^11.1.0
  languageName: unknown
  linkType: soft
